
Microsoft Visual Studio Solution File, Format Version 12.00
# Visual Studio Version 16
VisualStudioVersion = 16.0.33927.289
MinimumVisualStudioVersion = 10.0.40219.1
Project("{FAE04EC0-301F-11D3-BF4B-00C04F79EFBC}") = "ejercicio1TP4", "ejercicio1TP4.csproj", "{904A447D-92AC-46F5-8A82-24D8CD38FA93}"
EndProject
Global
	GlobalSection(SolutionConfigurationPlatforms) = preSolution
		Debug|Any CPU = Debug|Any CPU
		Release|Any CPU = Release|Any CPU
	EndGlobalSection
	GlobalSection(ProjectConfigurationPlatforms) = postSolution
		{904A447D-92AC-46F5-8A82-24D8CD38FA93}.Debug|Any CPU.ActiveCfg = Debug|Any CPU
		{904A447D-92AC-46F5-8A82-24D8CD38FA93}.Debug|Any CPU.Build.0 = Debug|Any CPU
		{904A447D-92AC-46F5-8A82-24D8CD38FA93}.Release|Any CPU.ActiveCfg = Release|Any CPU
		{904A447D-92AC-46F5-8A82-24D8CD38FA93}.Release|Any CPU.Build.0 = Release|Any CPU
	EndGlobalSection
	GlobalSection(SolutionProperties) = preSolution
		HideSolutionNode = FALSE
	EndGlobalSection
	GlobalSection(ExtensibilityGlobals) = postSolution
		SolutionGuid = {1706CD6D-A221-44F8-95F2-99ED72C7DFEB}
	EndGlobalSection
EndGlobal
